
Microsoft Visual Studio Solution File, Format Version 12.00
# Visual Studio Version 17
VisualStudioVersion = 17.14.36518.9 d17.14
MinimumVisualStudioVersion = 10.0.40219.1
Project("{FAE04EC0-301F-11D3-BF4B-00C04F79EFBC}") = "Kakeibo", "Kakeibo.csproj", "{0ABE1869-4115-4DE0-8B6F-9C7D34386A84}"
EndProject
Global
	GlobalSection(SolutionConfigurationPlatforms) = preSolution
		Debug|Any CPU = Debug|Any CPU
		Release|Any CPU = Release|Any CPU
	EndGlobalSection
	GlobalSection(ProjectConfigurationPlatforms) = postSolution
		{0ABE1869-4115-4DE0-8B6F-9C7D34386A84}.Debug|Any CPU.ActiveCfg = Debug|Any CPU
		{0ABE1869-4115-4DE0-8B6F-9C7D34386A84}.Debug|Any CPU.Build.0 = Debug|Any CPU
		{0ABE1869-4115-4DE0-8B6F-9C7D34386A84}.Release|Any CPU.ActiveCfg = Release|Any CPU
		{0ABE1869-4115-4DE0-8B6F-9C7D34386A84}.Release|Any CPU.Build.0 = Release|Any CPU
	EndGlobalSection
	GlobalSection(SolutionProperties) = preSolution
		HideSolutionNode = FALSE
	EndGlobalSection
	GlobalSection(ExtensibilityGlobals) = postSolution
		SolutionGuid = {1C4FD3B3-E63A-4B5C-9E4A-BA5B7D7C4C95}
	EndGlobalSection
EndGlobal
